speakeasyVersion: 1.680.11
sources:
    flexprice-api:
        sourceNamespace: flexprice-api
        sourceRevisionDigest: sha256:9ac45ae2cd1459d80a55ff3ed6050132d0c2a6c7dbf815fc15a2380eebd6635a
        sourceBlobDigest: sha256:fd2f44137f6d991da27f5793cc2a2282139f0e15a4130d778f1122244654dc6f
        tags:
            - latest
            - "1.0"
targets:
    flexprice-go:
        source: flexprice-api
        sourceNamespace: flexprice-api
        sourceRevisionDigest: sha256:9ac45ae2cd1459d80a55ff3ed6050132d0c2a6c7dbf815fc15a2380eebd6635a
        sourceBlobDigest: sha256:fd2f44137f6d991da27f5793cc2a2282139f0e15a4130d778f1122244654dc6f
        codeSamplesNamespace: flexprice-api-go-code-samples
        codeSamplesRevisionDigest: sha256:66c93a21849586b159a149731cfa7c5ee5ad6e76e69fec8900baa76ab880e70f
    flexprice-python:
        source: flexprice-api
        sourceNamespace: flexprice-api
        sourceRevisionDigest: sha256:9ac45ae2cd1459d80a55ff3ed6050132d0c2a6c7dbf815fc15a2380eebd6635a
        sourceBlobDigest: sha256:fd2f44137f6d991da27f5793cc2a2282139f0e15a4130d778f1122244654dc6f
        codeSamplesNamespace: flexprice-api-python-code-samples
        codeSamplesRevisionDigest: sha256:13bccf0e4650186ef10e9926548f7abfc30a500f7599e8f79889441b16bd833d
    flexprice-typescript:
        source: flexprice-api
        sourceNamespace: flexprice-api
        sourceRevisionDigest: sha256:9ac45ae2cd1459d80a55ff3ed6050132d0c2a6c7dbf815fc15a2380eebd6635a
        sourceBlobDigest: sha256:fd2f44137f6d991da27f5793cc2a2282139f0e15a4130d778f1122244654dc6f
        codeSamplesNamespace: flexprice-api-typescript-code-samples
        codeSamplesRevisionDigest: sha256:e1a0ec9be74de826fff337f7e28be25e071c5b782a45658411b63a2f677c1ccf
workflow:
    workflowVersion: 1.0.0
    speakeasyVersion: latest
    sources:
        flexprice-api:
            inputs:
                - location: ./docs/swagger/swagger-3-0.json
            overlays:
                - location: .speakeasy/overlays.yaml
            registry:
                location: registry.speakeasyapi.dev/flexprice/staging-nyv/flexprice-api
    targets:
        flexprice-go:
            target: go
            source: flexprice-api
            output: ./api/go
            publish: {}
            codeSamples:
                registry:
                    location: registry.speakeasyapi.dev/flexprice/staging-nyv/flexprice-api-go-code-samples
                labelOverride:
                    fixedValue: Go (SDK)
                blocking: false
        flexprice-python:
            target: python
            source: flexprice-api
            output: ./api/python
            publish:
                pypi:
                    token: ""
            codeSamples:
                registry:
                    location: registry.speakeasyapi.dev/flexprice/staging-nyv/flexprice-api-python-code-samples
                labelOverride:
                    fixedValue: Python (SDK)
                blocking: false
        flexprice-typescript:
            target: typescript
            source: flexprice-api
            output: ./api/javascript
            publish:
                npm:
                    token: ""
            codeSamples:
                registry:
                    location: registry.speakeasyapi.dev/flexprice/staging-nyv/flexprice-api-typescript-code-samples
                labelOverride:
                    fixedValue: Typescript (SDK)
                blocking: false
