speakeasyVersion: 1.680.11
sources:
    flexprice-api:
        sourceNamespace: flexprice-api
        sourceRevisionDigest: sha256:038fb757329ecadf37790c1134f995838e703e0bad216cc5a81a99b3ffa8432b
        sourceBlobDigest: sha256:bb4b9ed078b71cb6aee4b72c3c6a831899049bd466c6cf9ec321108bacdfc01c
        tags:
            - latest
            - speakeasy-sdk-regen-develop-1767440548
            - "1.0"
targets:
    flexprice-go:
        source: flexprice-api
        sourceNamespace: flexprice-api
        sourceRevisionDigest: sha256:038fb757329ecadf37790c1134f995838e703e0bad216cc5a81a99b3ffa8432b
        sourceBlobDigest: sha256:bb4b9ed078b71cb6aee4b72c3c6a831899049bd466c6cf9ec321108bacdfc01c
        codeSamplesNamespace: flexprice-api-go-code-samples
        codeSamplesRevisionDigest: sha256:91c0625e90452618c0547196da480a87d1dc81dca04f51b246e47ea685c6626a
    flexprice-python:
        source: flexprice-api
        sourceNamespace: flexprice-api
        sourceRevisionDigest: sha256:038fb757329ecadf37790c1134f995838e703e0bad216cc5a81a99b3ffa8432b
        sourceBlobDigest: sha256:bb4b9ed078b71cb6aee4b72c3c6a831899049bd466c6cf9ec321108bacdfc01c
        codeSamplesNamespace: flexprice-api-python-code-samples
        codeSamplesRevisionDigest: sha256:bc69e55d3ee2e8e33983b22213ecf4e5be187d346cf917880aeef1cab5cdf229
    flexprice-typescript:
        source: flexprice-api
        sourceNamespace: flexprice-api
        sourceRevisionDigest: sha256:038fb757329ecadf37790c1134f995838e703e0bad216cc5a81a99b3ffa8432b
        sourceBlobDigest: sha256:bb4b9ed078b71cb6aee4b72c3c6a831899049bd466c6cf9ec321108bacdfc01c
        codeSamplesNamespace: flexprice-api-typescript-code-samples
        codeSamplesRevisionDigest: sha256:67c4e902cb5fead71709be4a2c1cfe795d4e06f220f601da3f038500dca468fa
workflow:
    workflowVersion: 1.0.0
    speakeasyVersion: latest
    sources:
        flexprice-api:
            inputs:
                - location: ./docs/swagger/swagger-3-0.json
            overlays:
                - location: .speakeasy/overlays.yaml
            registry:
                location: registry.speakeasyapi.dev/flexprice/staging-nyv/flexprice-api
    targets:
        flexprice-go:
            target: go
            source: flexprice-api
            output: ./api/go
            publish: {}
            codeSamples:
                registry:
                    location: registry.speakeasyapi.dev/flexprice/staging-nyv/flexprice-api-go-code-samples
                labelOverride:
                    fixedValue: Go (SDK)
                blocking: false
        flexprice-python:
            target: python
            source: flexprice-api
            output: ./api/python
            publish:
                pypi:
                    token: $PYPI_TOKEN
            codeSamples:
                registry:
                    location: registry.speakeasyapi.dev/flexprice/staging-nyv/flexprice-api-python-code-samples
                labelOverride:
                    fixedValue: Python (SDK)
                blocking: false
        flexprice-typescript:
            target: typescript
            source: flexprice-api
            output: ./api/javascript
            publish:
                npm:
                    token: $NPM_TOKEN
            codeSamples:
                registry:
                    location: registry.speakeasyapi.dev/flexprice/staging-nyv/flexprice-api-typescript-code-samples
                labelOverride:
                    fixedValue: Typescript (SDK)
                blocking: false
